
Microsoft Visual Studio Solution File, Format Version 12.00
# Visual Studio Version 16
VisualStudioVersion = 16.0.30330.147
MinimumVisualStudioVersion = 10.0.40219.1
Project("{FAE04EC0-301F-11D3-BF4B-00C04F79EFBC}") = "prjWinCsReviewOOP", "prjWinCsReviewOOP\prjWinCsReviewOOP.csproj", "{EAB02124-4302-44E6-A6BA-0B856B1DAE05}"
EndProject
Global
	GlobalSection(SolutionConfigurationPlatforms) = preSolution
		Debug|Any CPU = Debug|Any CPU
		Release|Any CPU = Release|Any CPU
	EndGlobalSection
	GlobalSection(ProjectConfigurationPlatforms) = postSolution
		{EAB02124-4302-44E6-A6BA-0B856B1DAE05}.Debug|Any CPU.ActiveCfg = Debug|Any CPU
		{EAB02124-4302-44E6-A6BA-0B856B1DAE05}.Debug|Any CPU.Build.0 = Debug|Any CPU
		{EAB02124-4302-44E6-A6BA-0B856B1DAE05}.Release|Any CPU.ActiveCfg = Release|Any CPU
		{EAB02124-4302-44E6-A6BA-0B856B1DAE05}.Release|Any CPU.Build.0 = Release|Any CPU
	EndGlobalSection
	GlobalSection(SolutionProperties) = preSolution
		HideSolutionNode = FALSE
	EndGlobalSection
	GlobalSection(ExtensibilityGlobals) = postSolution
		SolutionGuid = {0D2E7710-2BDD-4AA5-ADC0-5C9E3FD9E735}
	EndGlobalSection
EndGlobal
